# THIS IS AN AUTOGENERATED FILE. DO NOT EDIT THIS FILE DIRECTLY.
# yarn lockfile v1


bun-types@latest:
  version "1.0.18-1"
  resolved "https://registry.yarnpkg.com/bun-types/-/bun-types-1.0.18-1.tgz#0108d69a4035b67080f5dd54155c563ef3c8daec"
  integrity sha512-uq9HwABWG43t2fDpEyvjbyRFpwaXJWuSg/8lVNVdbNe4/RuXJ7zJ6yBhQji8X/hddCM6EaUu0pqcAG0DAR8C8g==
